
Microsoft Visual Studio Solution File, Format Version 12.00
# Visual Studio Version 16
VisualStudioVersion = 16.0.28803.352
MinimumVisualStudioVersion = 10.0.40219.1
Project("{FAE04EC0-301F-11D3-BF4B-00C04F79EFBC}") = "EF6.Demo.Console", "EF6.Demo.Console\EF6.Demo.Console.csproj", "{0C1C1E29-8834-4878-8432-E71A33BEDB75}"
EndProject
Project("{FAE04EC0-301F-11D3-BF4B-00C04F79EFBC}") = "EF6.CodeFirstFromDB.Console", "EF6.CodeFirstFromDB.Console\EF6.CodeFirstFromDB.Console.csproj", "{56EEA79C-C0E7-44CD-8F29-19228EA05618}"
EndProject
Project("{FAE04EC0-301F-11D3-BF4B-00C04F79EFBC}") = "FluentAPI", "FluentAPI\FluentAPI\FluentAPI.csproj", "{415B010B-3387-41C8-8649-98E423189105}"
EndProject
Project("{FAE04EC0-301F-11D3-BF4B-00C04F79EFBC}") = "EF6.FCHModelExample.Console", "EF6.FCHModelExample.Console\EF6.FCHModelExample.Console.csproj", "{60845356-5BDE-48F6-A64F-B18095F77BC7}"
EndProject
Project("{FAE04EC0-301F-11D3-BF4B-00C04F79EFBC}") = "Queries", "Queries\Queries\Queries.csproj", "{D1776DED-C59A-4F8A-8C31-96EAE15BDF5A}"
EndProject
Project("{FAE04EC0-301F-11D3-BF4B-00C04F79EFBC}") = "RelationshipDemo.Console", "RelationshipDemo.Console\RelationshipDemo.Console.csproj", "{13A7F70B-2BA0-49E5-AD0D-AAA9EC9D53B1}"
EndProject
Global
	GlobalSection(SolutionConfigurationPlatforms) = preSolution
		Debug|Any CPU = Debug|Any CPU
		Release|Any CPU = Release|Any CPU
	EndGlobalSection
	GlobalSection(ProjectConfigurationPlatforms) = postSolution
		{0C1C1E29-8834-4878-8432-E71A33BEDB75}.Debug|Any CPU.ActiveCfg = Debug|Any CPU
		{0C1C1E29-8834-4878-8432-E71A33BEDB75}.Debug|Any CPU.Build.0 = Debug|Any CPU
		{0C1C1E29-8834-4878-8432-E71A33BEDB75}.Release|Any CPU.ActiveCfg = Release|Any CPU
		{0C1C1E29-8834-4878-8432-E71A33BEDB75}.Release|Any CPU.Build.0 = Release|Any CPU
		{56EEA79C-C0E7-44CD-8F29-19228EA05618}.Debug|Any CPU.ActiveCfg = Debug|Any CPU
		{56EEA79C-C0E7-44CD-8F29-19228EA05618}.Debug|Any CPU.Build.0 = Debug|Any CPU
		{56EEA79C-C0E7-44CD-8F29-19228EA05618}.Release|Any CPU.ActiveCfg = Release|Any CPU
		{56EEA79C-C0E7-44CD-8F29-19228EA05618}.Release|Any CPU.Build.0 = Release|Any CPU
		{415B010B-3387-41C8-8649-98E423189105}.Debug|Any CPU.ActiveCfg = Debug|Any CPU
		{415B010B-3387-41C8-8649-98E423189105}.Debug|Any CPU.Build.0 = Debug|Any CPU
		{415B010B-3387-41C8-8649-98E423189105}.Release|Any CPU.ActiveCfg = Release|Any CPU
		{415B010B-3387-41C8-8649-98E423189105}.Release|Any CPU.Build.0 = Release|Any CPU
		{60845356-5BDE-48F6-A64F-B18095F77BC7}.Debug|Any CPU.ActiveCfg = Debug|Any CPU
		{60845356-5BDE-48F6-A64F-B18095F77BC7}.Debug|Any CPU.Build.0 = Debug|Any CPU
		{60845356-5BDE-48F6-A64F-B18095F77BC7}.Release|Any CPU.ActiveCfg = Release|Any CPU
		{60845356-5BDE-48F6-A64F-B18095F77BC7}.Release|Any CPU.Build.0 = Release|Any CPU
		{D1776DED-C59A-4F8A-8C31-96EAE15BDF5A}.Debug|Any CPU.ActiveCfg = Debug|Any CPU
		{D1776DED-C59A-4F8A-8C31-96EAE15BDF5A}.Debug|Any CPU.Build.0 = Debug|Any CPU
		{D1776DED-C59A-4F8A-8C31-96EAE15BDF5A}.Release|Any CPU.ActiveCfg = Release|Any CPU
		{D1776DED-C59A-4F8A-8C31-96EAE15BDF5A}.Release|Any CPU.Build.0 = Release|Any CPU
		{13A7F70B-2BA0-49E5-AD0D-AAA9EC9D53B1}.Debug|Any CPU.ActiveCfg = Debug|Any CPU
		{13A7F70B-2BA0-49E5-AD0D-AAA9EC9D53B1}.Debug|Any CPU.Build.0 = Debug|Any CPU
		{13A7F70B-2BA0-49E5-AD0D-AAA9EC9D53B1}.Release|Any CPU.ActiveCfg = Release|Any CPU
		{13A7F70B-2BA0-49E5-AD0D-AAA9EC9D53B1}.Release|Any CPU.Build.0 = Release|Any CPU
	EndGlobalSection
	GlobalSection(SolutionProperties) = preSolution
		HideSolutionNode = FALSE
	EndGlobalSection
	GlobalSection(ExtensibilityGlobals) = postSolution
		SolutionGuid = {76734494-8436-4C95-8C4C-0F0CADA778BE}
	EndGlobalSection
EndGlobal
